
Microsoft Visual Studio Solution File, Format Version 12.00
# Visual Studio Version 17
VisualStudioVersion = 17.4.33110.190
MinimumVisualStudioVersion = 10.0.40219.1
Project("{FAE04EC0-301F-11D3-BF4B-00C04F79EFBC}") = "AutoMapper_NET6", "AutoMapper_NET6\AutoMapper_NET6.csproj", "{2422D451-4D28-4FC3-820F-90FD8AB37E0D}"
EndProject
Global
	GlobalSection(SolutionConfigurationPlatforms) = preSolution
		Debug|Any CPU = Debug|Any CPU
		Release|Any CPU = Release|Any CPU
	EndGlobalSection
	GlobalSection(ProjectConfigurationPlatforms) = postSolution
		{2422D451-4D28-4FC3-820F-90FD8AB37E0D}.Debug|Any CPU.ActiveCfg = Debug|Any CPU
		{2422D451-4D28-4FC3-820F-90FD8AB37E0D}.Debug|Any CPU.Build.0 = Debug|Any CPU
		{2422D451-4D28-4FC3-820F-90FD8AB37E0D}.Release|Any CPU.ActiveCfg = Release|Any CPU
		{2422D451-4D28-4FC3-820F-90FD8AB37E0D}.Release|Any CPU.Build.0 = Release|Any CPU
	EndGlobalSection
	GlobalSection(SolutionProperties) = preSolution
		HideSolutionNode = FALSE
	EndGlobalSection
	GlobalSection(ExtensibilityGlobals) = postSolution
		SolutionGuid = {E030F81D-EE23-4007-99A6-004CC7670E1F}
	EndGlobalSection
EndGlobal
